
Microsoft Visual Studio Solution File, Format Version 11.00
# Visual Studio 2010
Project("{CC5FD16D-436D-48AD-A40C-5A424C6E3E79}") = "Tigwi", "Tigwi\Tigwi.ccproj", "{A2CDF8C9-AFF3-4ABD-80A4-B6D27D791929}"
EndProject
Project("{FAE04EC0-301F-11D3-BF4B-00C04F79EFBC}") = "StorageLibrary", "..\storage\Storage\StorageLibrary\StorageLibrary.csproj", "{2C5E15F5-0DF9-4D0A-AB8F-FB8FEC5B25E8}"
EndProject
Project("{FAE04EC0-301F-11D3-BF4B-00C04F79EFBC}") = "Tests", "Tests\Tests.csproj", "{2EF44E26-F408-4766-A534-5AD2F78C7247}"
EndProject
Global
	GlobalSection(SolutionConfigurationPlatforms) = preSolution
		Cloud-Debug|Any CPU = Cloud-Debug|Any CPU
		Cloud-Release|Any CPU = Cloud-Release|Any CPU
		Debug|Any CPU = Debug|Any CPU
		Release|Any CPU = Release|Any CPU
	EndGlobalSection
	GlobalSection(ProjectConfigurationPlatforms) = postSolution
		{A2CDF8C9-AFF3-4ABD-80A4-B6D27D791929}.Cloud-Debug|Any CPU.ActiveCfg = Cloud-Debug|Any CPU
		{A2CDF8C9-AFF3-4ABD-80A4-B6D27D791929}.Cloud-Debug|Any CPU.Build.0 = Cloud-Debug|Any CPU
		{A2CDF8C9-AFF3-4ABD-80A4-B6D27D791929}.Cloud-Release|Any CPU.ActiveCfg = Cloud-Release|Any CPU
		{A2CDF8C9-AFF3-4ABD-80A4-B6D27D791929}.Cloud-Release|Any CPU.Build.0 = Cloud-Release|Any CPU
		{A2CDF8C9-AFF3-4ABD-80A4-B6D27D791929}.Debug|Any CPU.ActiveCfg = Debug|Any CPU
		{A2CDF8C9-AFF3-4ABD-80A4-B6D27D791929}.Debug|Any CPU.Build.0 = Debug|Any CPU
		{A2CDF8C9-AFF3-4ABD-80A4-B6D27D791929}.Release|Any CPU.ActiveCfg = Release|Any CPU
		{A2CDF8C9-AFF3-4ABD-80A4-B6D27D791929}.Release|Any CPU.Build.0 = Release|Any CPU
		{2C5E15F5-0DF9-4D0A-AB8F-FB8FEC5B25E8}.Cloud-Debug|Any CPU.ActiveCfg = Debug|Any CPU
		{2C5E15F5-0DF9-4D0A-AB8F-FB8FEC5B25E8}.Cloud-Debug|Any CPU.Build.0 = Debug|Any CPU
		{2C5E15F5-0DF9-4D0A-AB8F-FB8FEC5B25E8}.Cloud-Release|Any CPU.ActiveCfg = Release|Any CPU
		{2C5E15F5-0DF9-4D0A-AB8F-FB8FEC5B25E8}.Cloud-Release|Any CPU.Build.0 = Release|Any CPU
		{2C5E15F5-0DF9-4D0A-AB8F-FB8FEC5B25E8}.Debug|Any CPU.ActiveCfg = Debug|Any CPU
		{2C5E15F5-0DF9-4D0A-AB8F-FB8FEC5B25E8}.Debug|Any CPU.Build.0 = Debug|Any CPU
		{2C5E15F5-0DF9-4D0A-AB8F-FB8FEC5B25E8}.Release|Any CPU.ActiveCfg = Release|Any CPU
		{2C5E15F5-0DF9-4D0A-AB8F-FB8FEC5B25E8}.Release|Any CPU.Build.0 = Release|Any CPU
		{2EF44E26-F408-4766-A534-5AD2F78C7247}.Cloud-Debug|Any CPU.ActiveCfg = Debug|Any CPU
		{2EF44E26-F408-4766-A534-5AD2F78C7247}.Cloud-Debug|Any CPU.Build.0 = Debug|Any CPU
		{2EF44E26-F408-4766-A534-5AD2F78C7247}.Cloud-Release|Any CPU.ActiveCfg = Release|Any CPU
		{2EF44E26-F408-4766-A534-5AD2F78C7247}.Cloud-Release|Any CPU.Build.0 = Release|Any CPU
		{2EF44E26-F408-4766-A534-5AD2F78C7247}.Debug|Any CPU.ActiveCfg = Debug|Any CPU
		{2EF44E26-F408-4766-A534-5AD2F78C7247}.Debug|Any CPU.Build.0 = Debug|Any CPU
		{2EF44E26-F408-4766-A534-5AD2F78C7247}.Release|Any CPU.ActiveCfg = Release|Any CPU
		{2EF44E26-F408-4766-A534-5AD2F78C7247}.Release|Any CPU.Build.0 = Release|Any CPU
	EndGlobalSection
	GlobalSection(SolutionProperties) = preSolution
		HideSolutionNode = FALSE
	EndGlobalSection
EndGlobal
