
Microsoft Visual Studio Solution File, Format Version 11.00
# Visual Studio 2010
Project("{FAE04EC0-301F-11D3-BF4B-00C04F79EFBC}") = "MvcApplication2", "MvcApplication2\MvcApplication2.csproj", "{39A16365-CBAA-4E80-9D4E-67883E17C827}"
EndProject
Global
	GlobalSection(SolutionConfigurationPlatforms) = preSolution
		Debug|Any CPU = Debug|Any CPU
		Release|Any CPU = Release|Any CPU
	EndGlobalSection
	GlobalSection(ProjectConfigurationPlatforms) = postSolution
		{39A16365-CBAA-4E80-9D4E-67883E17C827}.Debug|Any CPU.ActiveCfg = Debug|Any CPU
		{39A16365-CBAA-4E80-9D4E-67883E17C827}.Debug|Any CPU.Build.0 = Debug|Any CPU
		{39A16365-CBAA-4E80-9D4E-67883E17C827}.Release|Any CPU.ActiveCfg = Release|Any CPU
		{39A16365-CBAA-4E80-9D4E-67883E17C827}.Release|Any CPU.Build.0 = Release|Any CPU
	EndGlobalSection
	GlobalSection(SolutionProperties) = preSolution
		HideSolutionNode = FALSE
	EndGlobalSection
EndGlobal
